
Microsoft Visual Studio Solution File, Format Version 12.00
# Visual Studio Version 17
VisualStudioVersion = 17.12.35527.113
MinimumVisualStudioVersion = 10.0.40219.1
Project("{FAE04EC0-301F-11D3-BF4B-00C04F79EFBC}") = "TASKWAVE.API", "TASKWAVE.API\TASKWAVE.API.csproj", "{E048403F-9A22-4535-B8D2-32FA5ABF8BC4}"
EndProject
Project("{FAE04EC0-301F-11D3-BF4B-00C04F79EFBC}") = "TASKWAVE.INFRA", "TASKWAVE.INFRA\TASKWAVE.INFRA.csproj", "{807444F4-CE47-4D48-8A96-23101316B54E}"
EndProject
Project("{FAE04EC0-301F-11D3-BF4B-00C04F79EFBC}") = "TASKWAVE.DOMAIN", "TASKWAVE.DOMAIN\TASKWAVE.DOMAIN.csproj", "{10B04A80-0E63-48AA-BA35-BC863302BB02}"
EndProject
Project("{FAE04EC0-301F-11D3-BF4B-00C04F79EFBC}") = "TASKWAVE.WEB", "TASKWAVE.WEB\TASKWAVE.WEB.csproj", "{7EF992E8-2CC7-464A-AC7D-6D142A42D844}"
	ProjectSection(ProjectDependencies) = postProject
		{E048403F-9A22-4535-B8D2-32FA5ABF8BC4} = {E048403F-9A22-4535-B8D2-32FA5ABF8BC4}
	EndProjectSection
EndProject
Global
	GlobalSection(SolutionConfigurationPlatforms) = preSolution
		Debug|Any CPU = Debug|Any CPU
		Release|Any CPU = Release|Any CPU
	EndGlobalSection
	GlobalSection(ProjectConfigurationPlatforms) = postSolution
		{E048403F-9A22-4535-B8D2-32FA5ABF8BC4}.Debug|Any CPU.ActiveCfg = Debug|Any CPU
		{E048403F-9A22-4535-B8D2-32FA5ABF8BC4}.Debug|Any CPU.Build.0 = Debug|Any CPU
		{E048403F-9A22-4535-B8D2-32FA5ABF8BC4}.Release|Any CPU.ActiveCfg = Release|Any CPU
		{E048403F-9A22-4535-B8D2-32FA5ABF8BC4}.Release|Any CPU.Build.0 = Release|Any CPU
		{807444F4-CE47-4D48-8A96-23101316B54E}.Debug|Any CPU.ActiveCfg = Debug|Any CPU
		{807444F4-CE47-4D48-8A96-23101316B54E}.Debug|Any CPU.Build.0 = Debug|Any CPU
		{807444F4-CE47-4D48-8A96-23101316B54E}.Release|Any CPU.ActiveCfg = Release|Any CPU
		{807444F4-CE47-4D48-8A96-23101316B54E}.Release|Any CPU.Build.0 = Release|Any CPU
		{10B04A80-0E63-48AA-BA35-BC863302BB02}.Debug|Any CPU.ActiveCfg = Debug|Any CPU
		{10B04A80-0E63-48AA-BA35-BC863302BB02}.Debug|Any CPU.Build.0 = Debug|Any CPU
		{10B04A80-0E63-48AA-BA35-BC863302BB02}.Release|Any CPU.ActiveCfg = Release|Any CPU
		{10B04A80-0E63-48AA-BA35-BC863302BB02}.Release|Any CPU.Build.0 = Release|Any CPU
		{7EF992E8-2CC7-464A-AC7D-6D142A42D844}.Debug|Any CPU.ActiveCfg = Debug|Any CPU
		{7EF992E8-2CC7-464A-AC7D-6D142A42D844}.Debug|Any CPU.Build.0 = Debug|Any CPU
		{7EF992E8-2CC7-464A-AC7D-6D142A42D844}.Release|Any CPU.ActiveCfg = Release|Any CPU
		{7EF992E8-2CC7-464A-AC7D-6D142A42D844}.Release|Any CPU.Build.0 = Release|Any CPU
	EndGlobalSection
	GlobalSection(SolutionProperties) = preSolution
		HideSolutionNode = FALSE
	EndGlobalSection
	GlobalSection(ExtensibilityGlobals) = postSolution
		SolutionGuid = {F6BD4FFF-E041-4F2B-8758-F77824AB20DC}
	EndGlobalSection
EndGlobal
